
Microsoft Visual Studio Solution File, Format Version 12.00
# Visual Studio Version 16
VisualStudioVersion = 16.0.28803.156
MinimumVisualStudioVersion = 10.0.40219.1
Project("{FAE04EC0-301F-11D3-BF4B-00C04F79EFBC}") = "DoseObjectiveCheck", "DoseObjectiveCheck.csproj", "{3E2ABC71-EAF2-4291-A57D-A99515AD5632}"
EndProject
Global
	GlobalSection(SolutionConfigurationPlatforms) = preSolution
		Debug|Any CPU = Debug|Any CPU
		Debug|x64 = Debug|x64
		Debug|x86 = Debug|x86
		ESAPI 13.7|Any CPU = ESAPI 13.7|Any CPU
		ESAPI 13.7|x64 = ESAPI 13.7|x64
		ESAPI 13.7|x86 = ESAPI 13.7|x86
		ESAPI 15.6|Any CPU = ESAPI 15.6|Any CPU
		ESAPI 15.6|x64 = ESAPI 15.6|x64
		ESAPI 15.6|x86 = ESAPI 15.6|x86
		Release|Any CPU = Release|Any CPU
		Release|x64 = Release|x64
		Release|x86 = Release|x86
	EndGlobalSection
	GlobalSection(ProjectConfigurationPlatforms) = postSolution
		{3E2ABC71-EAF2-4291-A57D-A99515AD5632}.Debug|Any CPU.ActiveCfg = Release|Any CPU
		{3E2ABC71-EAF2-4291-A57D-A99515AD5632}.Debug|Any CPU.Build.0 = Release|Any CPU
		{3E2ABC71-EAF2-4291-A57D-A99515AD5632}.Debug|x64.ActiveCfg = Release|Any CPU
		{3E2ABC71-EAF2-4291-A57D-A99515AD5632}.Debug|x64.Build.0 = Release|Any CPU
		{3E2ABC71-EAF2-4291-A57D-A99515AD5632}.Debug|x86.ActiveCfg = Release|Any CPU
		{3E2ABC71-EAF2-4291-A57D-A99515AD5632}.Debug|x86.Build.0 = Release|Any CPU
		{3E2ABC71-EAF2-4291-A57D-A99515AD5632}.ESAPI 13.7|Any CPU.ActiveCfg = ESAPI 13.7|Any CPU
		{3E2ABC71-EAF2-4291-A57D-A99515AD5632}.ESAPI 13.7|Any CPU.Build.0 = ESAPI 13.7|Any CPU
		{3E2ABC71-EAF2-4291-A57D-A99515AD5632}.ESAPI 13.7|x64.ActiveCfg = ESAPI 13.7|Any CPU
		{3E2ABC71-EAF2-4291-A57D-A99515AD5632}.ESAPI 13.7|x64.Build.0 = ESAPI 13.7|Any CPU
		{3E2ABC71-EAF2-4291-A57D-A99515AD5632}.ESAPI 13.7|x86.ActiveCfg = ESAPI 13.7|Any CPU
		{3E2ABC71-EAF2-4291-A57D-A99515AD5632}.ESAPI 13.7|x86.Build.0 = ESAPI 13.7|Any CPU
		{3E2ABC71-EAF2-4291-A57D-A99515AD5632}.ESAPI 15.6|Any CPU.ActiveCfg = ESAPI 15.6|Any CPU
		{3E2ABC71-EAF2-4291-A57D-A99515AD5632}.ESAPI 15.6|Any CPU.Build.0 = ESAPI 15.6|Any CPU
		{3E2ABC71-EAF2-4291-A57D-A99515AD5632}.ESAPI 15.6|x64.ActiveCfg = ESAPI 15.6|Any CPU
		{3E2ABC71-EAF2-4291-A57D-A99515AD5632}.ESAPI 15.6|x64.Build.0 = ESAPI 15.6|Any CPU
		{3E2ABC71-EAF2-4291-A57D-A99515AD5632}.ESAPI 15.6|x86.ActiveCfg = ESAPI 15.6|Any CPU
		{3E2ABC71-EAF2-4291-A57D-A99515AD5632}.ESAPI 15.6|x86.Build.0 = ESAPI 15.6|Any CPU
		{3E2ABC71-EAF2-4291-A57D-A99515AD5632}.Release|Any CPU.ActiveCfg = Release|Any CPU
		{3E2ABC71-EAF2-4291-A57D-A99515AD5632}.Release|Any CPU.Build.0 = Release|Any CPU
		{3E2ABC71-EAF2-4291-A57D-A99515AD5632}.Release|x64.ActiveCfg = Release|Any CPU
		{3E2ABC71-EAF2-4291-A57D-A99515AD5632}.Release|x64.Build.0 = Release|Any CPU
		{3E2ABC71-EAF2-4291-A57D-A99515AD5632}.Release|x86.ActiveCfg = Release|Any CPU
		{3E2ABC71-EAF2-4291-A57D-A99515AD5632}.Release|x86.Build.0 = Release|Any CPU
	EndGlobalSection
	GlobalSection(SolutionProperties) = preSolution
		HideSolutionNode = FALSE
	EndGlobalSection
	GlobalSection(ExtensibilityGlobals) = postSolution
		SolutionGuid = {65DC349D-3369-4527-9D1E-06A5BAB5F336}
	EndGlobalSection
EndGlobal
