
Microsoft Visual Studio Solution File, Format Version 12.00
# Visual Studio Version 16
VisualStudioVersion = 16.0.28803.156
MinimumVisualStudioVersion = 10.0.40219.1
Project("{FAE04EC0-301F-11D3-BF4B-00C04F79EFBC}") = "SimplePdfReport.Test", "SimplePdfReport.Test.csproj", "{A199F180-E232-4497-B77E-0D850A0E6ABE}"
EndProject
Global
	GlobalSection(SolutionConfigurationPlatforms) = preSolution
		Debug|Any CPU = Debug|Any CPU
		Release|Any CPU = Release|Any CPU
	EndGlobalSection
	GlobalSection(ProjectConfigurationPlatforms) = postSolution
		{A199F180-E232-4497-B77E-0D850A0E6ABE}.Debug|Any CPU.ActiveCfg = Debug|Any CPU
		{A199F180-E232-4497-B77E-0D850A0E6ABE}.Debug|Any CPU.Build.0 = Debug|Any CPU
		{A199F180-E232-4497-B77E-0D850A0E6ABE}.Release|Any CPU.ActiveCfg = Release|Any CPU
		{A199F180-E232-4497-B77E-0D850A0E6ABE}.Release|Any CPU.Build.0 = Release|Any CPU
	EndGlobalSection
	GlobalSection(SolutionProperties) = preSolution
		HideSolutionNode = FALSE
	EndGlobalSection
	GlobalSection(ExtensibilityGlobals) = postSolution
		SolutionGuid = {80E43811-86B9-4571-8DD8-3691E7E75BC4}
	EndGlobalSection
EndGlobal
